
Microsoft Visual Studio Solution File, Format Version 12.00
# Visual Studio Version 17
VisualStudioVersion = 17.10.35013.160
MinimumVisualStudioVersion = 10.0.40219.1
Project("{FAE04EC0-301F-11D3-BF4B-00C04F79EFBC}") = "TicTacToe.UI", "TicTacToe.Console\TicTacToe.UI.csproj", "{5EC4DF55-C5AA-4DA0-81E7-DE918CD44336}"
EndProject
Project("{9A19103F-16F7-4668-BE54-9A1E7A4F7556}") = "TicTacToe.Lib", "TicTacToe.Lib\TicTacToe.Lib.csproj", "{2441FDB0-82D8-46E2-9C63-8168830524D2}"
EndProject
Global
	GlobalSection(SolutionConfigurationPlatforms) = preSolution
		Debug|Any CPU = Debug|Any CPU
		Release|Any CPU = Release|Any CPU
	EndGlobalSection
	GlobalSection(ProjectConfigurationPlatforms) = postSolution
		{5EC4DF55-C5AA-4DA0-81E7-DE918CD44336}.Debug|Any CPU.ActiveCfg = Debug|Any CPU
		{5EC4DF55-C5AA-4DA0-81E7-DE918CD44336}.Debug|Any CPU.Build.0 = Debug|Any CPU
		{5EC4DF55-C5AA-4DA0-81E7-DE918CD44336}.Release|Any CPU.ActiveCfg = Release|Any CPU
		{5EC4DF55-C5AA-4DA0-81E7-DE918CD44336}.Release|Any CPU.Build.0 = Release|Any CPU
		{2441FDB0-82D8-46E2-9C63-8168830524D2}.Debug|Any CPU.ActiveCfg = Debug|Any CPU
		{2441FDB0-82D8-46E2-9C63-8168830524D2}.Debug|Any CPU.Build.0 = Debug|Any CPU
		{2441FDB0-82D8-46E2-9C63-8168830524D2}.Release|Any CPU.ActiveCfg = Release|Any CPU
		{2441FDB0-82D8-46E2-9C63-8168830524D2}.Release|Any CPU.Build.0 = Release|Any CPU
	EndGlobalSection
	GlobalSection(SolutionProperties) = preSolution
		HideSolutionNode = FALSE
	EndGlobalSection
	GlobalSection(ExtensibilityGlobals) = postSolution
		SolutionGuid = {3F15AD3F-317C-4C18-846F-451393CFA2AF}
	EndGlobalSection
EndGlobal
